# This file is automatically @generated by Cargo.
# It is not intended for manual editing.
version = 4

[[package]]
name = "ostrel_cli"
version = "0.0.0"
dependencies = [
 "ostrel_core",
 "ostrel_ir",
 "ostrel_sema",
 "ostrel_syntax",
 "ostrel_vm",
]

[[package]]
name = "ostrel_core"
version = "0.0.0"

[[package]]
name = "ostrel_db"
version = "0.0.0"

[[package]]
name = "ostrel_ir"
version = "0.0.0"
dependencies = [
 "ostrel_core",
 "ostrel_sema",
]

[[package]]
name = "ostrel_sema"
version = "0.0.0"
dependencies = [
 "ostrel_core",
 "ostrel_syntax",
]

[[package]]
name = "ostrel_syntax"
version = "0.0.0"
dependencies = [
 "ostrel_core",
]

[[package]]
name = "ostrel_vm"
version = "0.0.0"
dependencies = [
 "ostrel_core",
 "ostrel_ir",
]
